PODS:
  - Argo (4.1.0):
    - Runes (>= 4.0.0)
  - Curry (3.0.0)
  - Runes (4.0.1)

DEPENDENCIES:
  - Argo (~> 4.0)
  - Curry (~> 3.0)
  - Runes (~> 4.0)

SPEC CHECKSUMS:
  Argo: 846f1637e85257e34bfc351b5031f19bfca7555c
  Curry: eb3d2c75aec678b3cc7fb2729d2ad6dd121531d1
  Runes: ff20f163b478ac2c0e18158d6086fd5b1997f983

PODFILE CHECKSUM: 518aba9a38950a758af69ccd1233ae88ad0e7191

COCOAPODS: 1.1.1
