// !$*UTF8*$!
{
	archiveVersion = 1;
	classes = {
	};
	objectVersion = 46;
	objects = {

/* Begin PBXBuildFile section */
		0A0237621DB6F92200D7E66B /* LocationFetcher.swift in Sources */ = {isa = PBXBuildFile; fileRef = 0A0237611DB6F92200D7E66B /* LocationFetcher.swift */; };
		0A0237641DB6FA0C00D7E66B /* Location.swift in Sources */ = {isa = PBXBuildFile; fileRef = 0A0237631DB6FA0C00D7E66B /* Location.swift */; };
		0A0237661DB7E0EF00D7E66B /* weatherFetcher.swift in Sources */ = {isa = PBXBuildFile; fileRef = 0A0237651DB7E0EF00D7E66B /* weatherFetcher.swift */; };
		0A0237681DB814C300D7E66B /* WeatherModels.swift in Sources */ = {isa = PBXBuildFile; fileRef = 0A0237671DB814C300D7E66B /* WeatherModels.swift */; };
		0A06D1DC1E255D2800BD1502 /* FiraSans-ExtraLight.otf in Resources */ = {isa = PBXBuildFile; fileRef = 0A06D1DB1E255D2800BD1502 /* FiraSans-ExtraLight.otf */; };
		0A06D1DE1E25654800BD1502 /* FiraSans-Book.otf in Resources */ = {isa = PBXBuildFile; fileRef = 0A06D1DD1E25654800BD1502 /* FiraSans-Book.otf */; };
		0A07AFFA1D5D5F8700534370 /* SettingsViewController.swift in Sources */ = {isa = PBXBuildFile; fileRef = 0A07AFF81D5D5F8700534370 /* SettingsViewController.swift */; };
		0A07AFFB1D5D5F8700534370 /* SettingsViewController.xib in Resources */ = {isa = PBXBuildFile; fileRef = 0A07AFF91D5D5F8700534370 /* SettingsViewController.xib */; };
		0A07B0041D5D5FE500534370 /* LocationsViewController.swift in Sources */ = {isa = PBXBuildFile; fileRef = 0A07B0021D5D5FE500534370 /* LocationsViewController.swift */; };
		0A07B0051D5D5FE500534370 /* LocationsViewController.xib in Resources */ = {isa = PBXBuildFile; fileRef = 0A07B0031D5D5FE500534370 /* LocationsViewController.xib */; };
		0A0AABA51E2EF9E000340EFF /* WeatherIcon.swift in Sources */ = {isa = PBXBuildFile; fileRef = 0A0AABA41E2EF9E000340EFF /* WeatherIcon.swift */; };
		0A0B60A71D9A168700B12996 /* Minutes.swift in Sources */ = {isa = PBXBuildFile; fileRef = 0A0B60A61D9A168700B12996 /* Minutes.swift */; };
		0A0B60AB1D9ADD4200B12996 /* Hour.swift in Sources */ = {isa = PBXBuildFile; fileRef = 0A0B60AA1D9ADD4200B12996 /* Hour.swift */; };
		0A0B60AD1D9ADD4F00B12996 /* HourTest.swift in Sources */ = {isa = PBXBuildFile; fileRef = 0A0B60AC1D9ADD4F00B12996 /* HourTest.swift */; };
		0A0B60AF1D9AEA3400B12996 /* Hours.swift in Sources */ = {isa = PBXBuildFile; fileRef = 0A0B60AE1D9AEA3400B12996 /* Hours.swift */; };
		0A0B60B11D9AEA3F00B12996 /* HoursTest.swift in Sources */ = {isa = PBXBuildFile; fileRef = 0A0B60B01D9AEA3F00B12996 /* HoursTest.swift */; };
		0A0B60B31D9B195100B12996 /* Day.swift in Sources */ = {isa = PBXBuildFile; fileRef = 0A0B60B21D9B195100B12996 /* Day.swift */; };
		0A0B60B61D9B196400B12996 /* DayTest.swift in Sources */ = {isa = PBXBuildFile; fileRef = 0A0B60B51D9B196400B12996 /* DayTest.swift */; };
		0A1076541D6CB41300DED569 /* WeatherViewController.swift in Sources */ = {isa = PBXBuildFile; fileRef = 0A1076521D6CB41300DED569 /* WeatherViewController.swift */; };
		0A1076551D6CB41300DED569 /* WeatherViewController.xib in Resources */ = {isa = PBXBuildFile; fileRef = 0A1076531D6CB41300DED569 /* WeatherViewController.xib */; };
		0A289CEB1DE23F9A0054C731 /* DayData.swift in Sources */ = {isa = PBXBuildFile; fileRef = 0A289CEA1DE23F990054C731 /* DayData.swift */; };
		0A289CED1DE2568E0054C731 /* DayDataTest.swift in Sources */ = {isa = PBXBuildFile; fileRef = 0A289CEC1DE2568E0054C731 /* DayDataTest.swift */; };
		0A2D3B411CB5CB1000B0DF3C /* TimeGranularity.swift in Sources */ = {isa = PBXBuildFile; fileRef = 0A2D3B401CB5CB1000B0DF3C /* TimeGranularity.swift */; };
		0A2D3B471CB5DCFD00B0DF3C /* JSONhelpers.swift in Sources */ = {isa = PBXBuildFile; fileRef = 0A2D3B461CB5DCFD00B0DF3C /* JSONhelpers.swift */; };
		0A315C0E1D9E182100F4A7DE /* Temperature.swift in Sources */ = {isa = PBXBuildFile; fileRef = 0A315C0D1D9E182100F4A7DE /* Temperature.swift */; };
		0A35A1E11D985D02001B99BD /* cloudy-futurerain.json in Resources */ = {isa = PBXBuildFile; fileRef = 0A35A1E01D985D02001B99BD /* cloudy-futurerain.json */; };
		0A35A1E51D986A73001B99BD /* historical-snow.json in Resources */ = {isa = PBXBuildFile; fileRef = 0A35A1E41D986A73001B99BD /* historical-snow.json */; };
		0A35A1E71D986BAA001B99BD /* sunny-hot.json in Resources */ = {isa = PBXBuildFile; fileRef = 0A35A1E61D986BAA001B99BD /* sunny-hot.json */; };
		0A39143F1DE6C6C700A1330C /* ParseTimeZoneTest.swift in Sources */ = {isa = PBXBuildFile; fileRef = 0A39143E1DE6C6C700A1330C /* ParseTimeZoneTest.swift */; };
		0A3928631CADAE0800F724C7 /* ForecastAPI.swift in Sources */ = {isa = PBXBuildFile; fileRef = 0A3928621CADAE0800F724C7 /* ForecastAPI.swift */; };
		0A4301591E20728B00F0841E /* SavedLocationService.swift in Sources */ = {isa = PBXBuildFile; fileRef = 0A4301581E20728B00F0841E /* SavedLocationService.swift */; };
		0A43015B1E207C3F00F0841E /* DataTask.swift in Sources */ = {isa = PBXBuildFile; fileRef = 0A43015A1E207C3F00F0841E /* DataTask.swift */; };
		0A43015D1E207C6200F0841E /* URLSession.swift in Sources */ = {isa = PBXBuildFile; fileRef = 0A43015C1E207C6200F0841E /* URLSession.swift */; };
		0A4301601E21718E00F0841E /* URLSessionDataTaskStub.swift in Sources */ = {isa = PBXBuildFile; fileRef = 0A43015F1E21718E00F0841E /* URLSessionDataTaskStub.swift */; };
		0A4301621E21722400F0841E /* DataTaskResumable.swift in Sources */ = {isa = PBXBuildFile; fileRef = 0A4301611E21722400F0841E /* DataTaskResumable.swift */; };
		0A4301641E21724C00F0841E /* URLSessionDataTask.swift in Sources */ = {isa = PBXBuildFile; fileRef = 0A4301631E21724C00F0841E /* URLSessionDataTask.swift */; };
		0A4301661E21773400F0841E /* WeatherError.swift in Sources */ = {isa = PBXBuildFile; fileRef = 0A4301651E21773400F0841E /* WeatherError.swift */; };
		0A4301681E21FD8800F0841E /* eight-days.json in Resources */ = {isa = PBXBuildFile; fileRef = 0A4301671E21FD8800F0841E /* eight-days.json */; };
		0A537D321E206845004E1A1E /* LocationService.swift in Sources */ = {isa = PBXBuildFile; fileRef = 0A537D311E206845004E1A1E /* LocationService.swift */; };
		0A537D341E206879004E1A1E /* DataSession.swift in Sources */ = {isa = PBXBuildFile; fileRef = 0A537D331E206879004E1A1E /* DataSession.swift */; };
		0A537D361E2068B1004E1A1E /* WeatherFetcherTest.swift in Sources */ = {isa = PBXBuildFile; fileRef = 0A537D351E2068B1004E1A1E /* WeatherFetcherTest.swift */; };
		0A54E13A1E04F12D00359CAB /* Alert.swift in Sources */ = {isa = PBXBuildFile; fileRef = 0A54E1391E04F12D00359CAB /* Alert.swift */; };
		0A54E13C1E04F13C00359CAB /* AlertTest.swift in Sources */ = {isa = PBXBuildFile; fileRef = 0A54E13B1E04F13C00359CAB /* AlertTest.swift */; };
		0A54E13E1E04FFE600359CAB /* AlertData.swift in Sources */ = {isa = PBXBuildFile; fileRef = 0A54E13D1E04FFE600359CAB /* AlertData.swift */; };
		0A54E1401E04FFF100359CAB /* AlertDataTest.swift in Sources */ = {isa = PBXBuildFile; fileRef = 0A54E13F1E04FFF100359CAB /* AlertDataTest.swift */; };
		0A54E1421E05EF6400359CAB /* decoder.swift in Sources */ = {isa = PBXBuildFile; fileRef = 0A54E1411E05EF6400359CAB /* decoder.swift */; };
		0A56D0B91DA9CE9D00963D43 /* Currently.swift in Sources */ = {isa = PBXBuildFile; fileRef = 0A56D0B81DA9CE9D00963D43 /* Currently.swift */; };
		0A56D0BB1DA9CECE00963D43 /* CurrentlyTest.swift in Sources */ = {isa = PBXBuildFile; fileRef = 0A56D0BA1DA9CECE00963D43 /* CurrentlyTest.swift */; };
		0A5A76921DF34C7600E52D3A /* HourData.swift in Sources */ = {isa = PBXBuildFile; fileRef = 0A5A76911DF34C7600E52D3A /* HourData.swift */; };
		0A5A76941DF34C8300E52D3A /* HourDataTest.swift in Sources */ = {isa = PBXBuildFile; fileRef = 0A5A76931DF34C8300E52D3A /* HourDataTest.swift */; };
		0A608A321D5ED4E9002151E6 /* IcicleColor.swift in Sources */ = {isa = PBXBuildFile; fileRef = 0A608A311D5ED4E9002151E6 /* IcicleColor.swift */; };
		0A608A341D5ED807002151E6 /* IcicleTabBarViewController.swift in Sources */ = {isa = PBXBuildFile; fileRef = 0A608A331D5ED807002151E6 /* IcicleTabBarViewController.swift */; };
		0A6AAE231E29935400432129 /* HourlyCollectionViewCell.swift in Sources */ = {isa = PBXBuildFile; fileRef = 0A6AAE211E29935400432129 /* HourlyCollectionViewCell.swift */; };
		0A6AAE241E29935400432129 /* HourlyCollectionViewCell.xib in Resources */ = {isa = PBXBuildFile; fileRef = 0A6AAE221E29935400432129 /* HourlyCollectionViewCell.xib */; };
		0A77BC391D9642E500258721 /* Result.swift in Sources */ = {isa = PBXBuildFile; fileRef = 0A77BC381D9642E500258721 /* Result.swift */; };
		0A77BC3B1D9642FD00258721 /* ResultTest.swift in Sources */ = {isa = PBXBuildFile; fileRef = 0A77BC3A1D9642FD00258721 /* ResultTest.swift */; };
		0A82C4481E2AB7F300DCBE3B /* FiraSans-Light.otf in Resources */ = {isa = PBXBuildFile; fileRef = 0A82C4471E2AB7F300DCBE3B /* FiraSans-Light.otf */; };
		0A82C44B1E2ABDF300DCBE3B /* HourlyCollectionHelper.swift in Sources */ = {isa = PBXBuildFile; fileRef = 0A82C44A1E2ABDF300DCBE3B /* HourlyCollectionHelper.swift */; };
		0A82C44E1E2AE59700DCBE3B /* DailyCollectionViewCell.swift in Sources */ = {isa = PBXBuildFile; fileRef = 0A82C44C1E2AE59700DCBE3B /* DailyCollectionViewCell.swift */; };
		0A82C44F1E2AE59700DCBE3B /* DailyCollectionViewCell.xib in Resources */ = {isa = PBXBuildFile; fileRef = 0A82C44D1E2AE59700DCBE3B /* DailyCollectionViewCell.xib */; };
		0A82C4511E2B0BD200DCBE3B /* DailyCollectionHelper.swift in Sources */ = {isa = PBXBuildFile; fileRef = 0A82C4501E2B0BD200DCBE3B /* DailyCollectionHelper.swift */; };
		0A82C4571E2B39E100DCBE3B /* RotatingLayout.swift in Sources */ = {isa = PBXBuildFile; fileRef = 0A82C4561E2B39E100DCBE3B /* RotatingLayout.swift */; };
		0A99D91C1CBC5B8400BF354C /* Icon.swift in Sources */ = {isa = PBXBuildFile; fileRef = 0A99D91B1CBC5B8400BF354C /* Icon.swift */; };
		0AA99DE71D9EDAD100CE614A /* Days.swift in Sources */ = {isa = PBXBuildFile; fileRef = 0AA99DE61D9EDAD100CE614A /* Days.swift */; };
		0AA99DE91D9EDAE100CE614A /* DaysTest.swift in Sources */ = {isa = PBXBuildFile; fileRef = 0AA99DE81D9EDAE100CE614A /* DaysTest.swift */; };
		0AC120B01D61175A008E1557 /* getTestJson.swift in Sources */ = {isa = PBXBuildFile; fileRef = 0AC120AF1D61175A008E1557 /* getTestJson.swift */; };
		0AC1FE411DF65E7800F0D602 /* HasPrecipitation.swift in Sources */ = {isa = PBXBuildFile; fileRef = 0AC1FE401DF65E7800F0D602 /* HasPrecipitation.swift */; };
		0AC73FD01EE909470088A636 /* Argo.framework in Frameworks */ = {isa = PBXBuildFile; fileRef = 0AC73FCF1EE909470088A636 /* Argo.framework */; };
		0AC73FD21EE9094A0088A636 /* Curry.framework in Frameworks */ = {isa = PBXBuildFile; fileRef = 0AC73FD11EE9094A0088A636 /* Curry.framework */; };
		0AC73FD41EE9094E0088A636 /* Runes.framework in Frameworks */ = {isa = PBXBuildFile; fileRef = 0AC73FD31EE9094E0088A636 /* Runes.framework */; };
		0AD046191DB3120900DC32F2 /* WeatherData.swift in Sources */ = {isa = PBXBuildFile; fileRef = 0AD046181DB3120900DC32F2 /* WeatherData.swift */; };
		0AD0461B1DB3121600DC32F2 /* WeatherDataTest.swift in Sources */ = {isa = PBXBuildFile; fileRef = 0AD0461A1DB3121600DC32F2 /* WeatherDataTest.swift */; };
		0AD565F71E0E4BB3009A58AE /* CurrentLocationService.swift in Sources */ = {isa = PBXBuildFile; fileRef = 0AD565F61E0E4BB3009A58AE /* CurrentLocationService.swift */; };
		0AD565F91E0E4BC9009A58AE /* LocationServiceTest.swift in Sources */ = {isa = PBXBuildFile; fileRef = 0AD565F81E0E4BC9009A58AE /* LocationServiceTest.swift */; };
		0ADE1F291CA1F04A007C2840 /* AppDelegate.swift in Sources */ = {isa = PBXBuildFile; fileRef = 0ADE1F281CA1F04A007C2840 /* AppDelegate.swift */; };
		0ADE1F301CA1F04A007C2840 /* Assets.xcassets in Resources */ = {isa = PBXBuildFile; fileRef = 0ADE1F2F1CA1F04A007C2840 /* Assets.xcassets */; };
		0ADE1F331CA1F04A007C2840 /* LaunchScreen.storyboard in Resources */ = {isa = PBXBuildFile; fileRef = 0ADE1F311CA1F04A007C2840 /* LaunchScreen.storyboard */; };
		0AF8DFBF1E312955003370D8 /* gradient.swift in Sources */ = {isa = PBXBuildFile; fileRef = 0AF8DFBE1E312955003370D8 /* gradient.swift */; };
		0AF8DFC11E312C51003370D8 /* UIColor.swift in Sources */ = {isa = PBXBuildFile; fileRef = 0AF8DFC01E312C51003370D8 /* UIColor.swift */; };
		0AFB94511E0640120097614F /* MinutesTest.swift in Sources */ = {isa = PBXBuildFile; fileRef = 0AFB944F1E0640030097614F /* MinutesTest.swift */; };
/* End PBXBuildFile section */

/* Begin PBXContainerItemProxy section */
		0ADE1F3A1CA1F04A007C2840 /* PBXContainerItemProxy */ = {
			isa = PBXContainerItemProxy;
			containerPortal = 0ADE1F1D1CA1F04A007C2840 /* Project object */;
			proxyType = 1;
			remoteGlobalIDString = 0ADE1F241CA1F04A007C2840;
			remoteInfo = Icicle;
		};
/* End PBXContainerItemProxy section */

/* Begin PBXFileReference section */
		0A0237611DB6F92200D7E66B /* LocationFetcher.swift */ = {isa = PBXFileReference; fileEncoding = 4; lastKnownFileType = sourcecode.swift; path = LocationFetcher.swift; sourceTree = "<group>"; };
		0A0237631DB6FA0C00D7E66B /* Location.swift */ = {isa = PBXFileReference; fileEncoding = 4; lastKnownFileType = sourcecode.swift; path = Location.swift; sourceTree = "<group>"; };
		0A0237651DB7E0EF00D7E66B /* weatherFetcher.swift */ = {isa = PBXFileReference; fileEncoding = 4; lastKnownFileType = sourcecode.swift; path = weatherFetcher.swift; sourceTree = "<group>"; };
		0A0237671DB814C300D7E66B /* WeatherModels.swift */ = {isa = PBXFileReference; fileEncoding = 4; lastKnownFileType = sourcecode.swift; path = WeatherModels.swift; sourceTree = "<group>"; };
		0A06D1DB1E255D2800BD1502 /* FiraSans-ExtraLight.otf */ = {isa = PBXFileReference; lastKnownFileType = file; path = "FiraSans-ExtraLight.otf"; sourceTree = "<group>"; };
		0A06D1DD1E25654800BD1502 /* FiraSans-Book.otf */ = {isa = PBXFileReference; lastKnownFileType = file; path = "FiraSans-Book.otf"; sourceTree = "<group>"; };
		0A07AFF81D5D5F8700534370 /* SettingsViewController.swift */ = {isa = PBXFileReference; fileEncoding = 4; lastKnownFileType = sourcecode.swift; path = SettingsViewController.swift; sourceTree = "<group>"; };
		0A07AFF91D5D5F8700534370 /* SettingsViewController.xib */ = {isa = PBXFileReference; fileEncoding = 4; lastKnownFileType = file.xib; path = SettingsViewController.xib; sourceTree = "<group>"; };
		0A07B0021D5D5FE500534370 /* LocationsViewController.swift */ = {isa = PBXFileReference; fileEncoding = 4; lastKnownFileType = sourcecode.swift; path = LocationsViewController.swift; sourceTree = "<group>"; };
		0A07B0031D5D5FE500534370 /* LocationsViewController.xib */ = {isa = PBXFileReference; fileEncoding = 4; lastKnownFileType = file.xib; path = LocationsViewController.xib; sourceTree = "<group>"; };
		0A0AABA41E2EF9E000340EFF /* WeatherIcon.swift */ = {isa = PBXFileReference; fileEncoding = 4; lastKnownFileType = sourcecode.swift; path = WeatherIcon.swift; sourceTree = "<group>"; };
		0A0B60A61D9A168700B12996 /* Minutes.swift */ = {isa = PBXFileReference; fileEncoding = 4; lastKnownFileType = sourcecode.swift; path = Minutes.swift; sourceTree = "<group>"; };
		0A0B60AA1D9ADD4200B12996 /* Hour.swift */ = {isa = PBXFileReference; fileEncoding = 4; lastKnownFileType = sourcecode.swift; path = Hour.swift; sourceTree = "<group>"; };
		0A0B60AC1D9ADD4F00B12996 /* HourTest.swift */ = {isa = PBXFileReference; fileEncoding = 4; lastKnownFileType = sourcecode.swift; path = HourTest.swift; sourceTree = "<group>"; };
		0A0B60AE1D9AEA3400B12996 /* Hours.swift */ = {isa = PBXFileReference; fileEncoding = 4; lastKnownFileType = sourcecode.swift; path = Hours.swift; sourceTree = "<group>"; };
		0A0B60B01D9AEA3F00B12996 /* HoursTest.swift */ = {isa = PBXFileReference; fileEncoding = 4; lastKnownFileType = sourcecode.swift; path = HoursTest.swift; sourceTree = "<group>"; };
		0A0B60B21D9B195100B12996 /* Day.swift */ = {isa = PBXFileReference; fileEncoding = 4; lastKnownFileType = sourcecode.swift; path = Day.swift; sourceTree = "<group>"; };
		0A0B60B51D9B196400B12996 /* DayTest.swift */ = {isa = PBXFileReference; fileEncoding = 4; lastKnownFileType = sourcecode.swift; path = DayTest.swift; sourceTree = "<group>"; };
		0A1076521D6CB41300DED569 /* WeatherViewController.swift */ = {isa = PBXFileReference; fileEncoding = 4; lastKnownFileType = sourcecode.swift; path = WeatherViewController.swift; sourceTree = "<group>"; };
		0A1076531D6CB41300DED569 /* WeatherViewController.xib */ = {isa = PBXFileReference; fileEncoding = 4; lastKnownFileType = file.xib; path = WeatherViewController.xib; sourceTree = "<group>"; };
		0A289CEA1DE23F990054C731 /* DayData.swift */ = {isa = PBXFileReference; fileEncoding = 4; lastKnownFileType = sourcecode.swift; path = DayData.swift; sourceTree = "<group>"; };
		0A289CEC1DE2568E0054C731 /* DayDataTest.swift */ = {isa = PBXFileReference; fileEncoding = 4; lastKnownFileType = sourcecode.swift; path = DayDataTest.swift; sourceTree = "<group>"; };
		0A2D3B401CB5CB1000B0DF3C /* TimeGranularity.swift */ = {isa = PBXFileReference; fileEncoding = 4; lastKnownFileType = sourcecode.swift; path = TimeGranularity.swift; sourceTree = "<group>"; };
		0A2D3B461CB5DCFD00B0DF3C /* JSONhelpers.swift */ = {isa = PBXFileReference; fileEncoding = 4; lastKnownFileType = sourcecode.swift; path = JSONhelpers.swift; sourceTree = "<group>"; };
		0A315C0D1D9E182100F4A7DE /* Temperature.swift */ = {isa = PBXFileReference; fileEncoding = 4; lastKnownFileType = sourcecode.swift; path = Temperature.swift; sourceTree = "<group>"; };
		0A35A1E01D985D02001B99BD /* cloudy-futurerain.json */ = {isa = PBXFileReference; fileEncoding = 4; lastKnownFileType = text.json; path = "cloudy-futurerain.json"; sourceTree = "<group>"; };
		0A35A1E41D986A73001B99BD /* historical-snow.json */ = {isa = PBXFileReference; fileEncoding = 4; lastKnownFileType = text.json; path = "historical-snow.json"; sourceTree = "<group>"; };
		0A35A1E61D986BAA001B99BD /* sunny-hot.json */ = {isa = PBXFileReference; fileEncoding = 4; lastKnownFileType = text.json; path = "sunny-hot.json"; sourceTree = "<group>"; };
		0A39143E1DE6C6C700A1330C /* ParseTimeZoneTest.swift */ = {isa = PBXFileReference; fileEncoding = 4; lastKnownFileType = sourcecode.swift; path = ParseTimeZoneTest.swift; sourceTree = "<group>"; };
		0A3928621CADAE0800F724C7 /* ForecastAPI.swift */ = {isa = PBXFileReference; fileEncoding = 4; lastKnownFileType = sourcecode.swift; path = ForecastAPI.swift; sourceTree = "<group>"; };
		0A4301581E20728B00F0841E /* SavedLocationService.swift */ = {isa = PBXFileReference; fileEncoding = 4; lastKnownFileType = sourcecode.swift; path = SavedLocationService.swift; sourceTree = "<group>"; };
		0A43015A1E207C3F00F0841E /* DataTask.swift */ = {isa = PBXFileReference; fileEncoding = 4; lastKnownFileType = sourcecode.swift; path = DataTask.swift; sourceTree = "<group>"; };
		0A43015C1E207C6200F0841E /* URLSession.swift */ = {isa = PBXFileReference; fileEncoding = 4; lastKnownFileType = sourcecode.swift; path = URLSession.swift; sourceTree = "<group>"; };
		0A43015F1E21718E00F0841E /* URLSessionDataTaskStub.swift */ = {isa = PBXFileReference; fileEncoding = 4; lastKnownFileType = sourcecode.swift; path = URLSessionDataTaskStub.swift; sourceTree = "<group>"; };
		0A4301611E21722400F0841E /* DataTaskResumable.swift */ = {isa = PBXFileReference; fileEncoding = 4; lastKnownFileType = sourcecode.swift; path = DataTaskResumable.swift; sourceTree = "<group>"; };
		0A4301631E21724C00F0841E /* URLSessionDataTask.swift */ = {isa = PBXFileReference; fileEncoding = 4; lastKnownFileType = sourcecode.swift; path = URLSessionDataTask.swift; sourceTree = "<group>"; };
		0A4301651E21773400F0841E /* WeatherError.swift */ = {isa = PBXFileReference; fileEncoding = 4; lastKnownFileType = sourcecode.swift; path = WeatherError.swift; sourceTree = "<group>"; };
		0A4301671E21FD8800F0841E /* eight-days.json */ = {isa = PBXFileReference; fileEncoding = 4; lastKnownFileType = text.json; path = "eight-days.json"; sourceTree = "<group>"; };
		0A537D311E206845004E1A1E /* LocationService.swift */ = {isa = PBXFileReference; fileEncoding = 4; lastKnownFileType = sourcecode.swift; path = LocationService.swift; sourceTree = "<group>"; };
		0A537D331E206879004E1A1E /* DataSession.swift */ = {isa = PBXFileReference; fileEncoding = 4; lastKnownFileType = sourcecode.swift; path = DataSession.swift; sourceTree = "<group>"; };
		0A537D351E2068B1004E1A1E /* WeatherFetcherTest.swift */ = {isa = PBXFileReference; fileEncoding = 4; lastKnownFileType = sourcecode.swift; path = WeatherFetcherTest.swift; sourceTree = "<group>"; };
		0A54E1391E04F12D00359CAB /* Alert.swift */ = {isa = PBXFileReference; fileEncoding = 4; lastKnownFileType = sourcecode.swift; path = Alert.swift; sourceTree = "<group>"; };
		0A54E13B1E04F13C00359CAB /* AlertTest.swift */ = {isa = PBXFileReference; fileEncoding = 4; lastKnownFileType = sourcecode.swift; path = AlertTest.swift; sourceTree = "<group>"; };
		0A54E13D1E04FFE600359CAB /* AlertData.swift */ = {isa = PBXFileReference; fileEncoding = 4; lastKnownFileType = sourcecode.swift; path = AlertData.swift; sourceTree = "<group>"; };
		0A54E13F1E04FFF100359CAB /* AlertDataTest.swift */ = {isa = PBXFileReference; fileEncoding = 4; lastKnownFileType = sourcecode.swift; path = AlertDataTest.swift; sourceTree = "<group>"; };
		0A54E1411E05EF6400359CAB /* decoder.swift */ = {isa = PBXFileReference; fileEncoding = 4; lastKnownFileType = sourcecode.swift; path = decoder.swift; sourceTree = "<group>"; };
		0A56D0B81DA9CE9D00963D43 /* Currently.swift */ = {isa = PBXFileReference; fileEncoding = 4; lastKnownFileType = sourcecode.swift; path = Currently.swift; sourceTree = "<group>"; };
		0A56D0BA1DA9CECE00963D43 /* CurrentlyTest.swift */ = {isa = PBXFileReference; fileEncoding = 4; lastKnownFileType = sourcecode.swift; path = CurrentlyTest.swift; sourceTree = "<group>"; };
		0A5A76911DF34C7600E52D3A /* HourData.swift */ = {isa = PBXFileReference; fileEncoding = 4; lastKnownFileType = sourcecode.swift; path = HourData.swift; sourceTree = "<group>"; };
		0A5A76931DF34C8300E52D3A /* HourDataTest.swift */ = {isa = PBXFileReference; fileEncoding = 4; lastKnownFileType = sourcecode.swift; path = HourDataTest.swift; sourceTree = "<group>"; };
		0A608A311D5ED4E9002151E6 /* IcicleColor.swift */ = {isa = PBXFileReference; fileEncoding = 4; lastKnownFileType = sourcecode.swift; path = IcicleColor.swift; sourceTree = "<group>"; };
		0A608A331D5ED807002151E6 /* IcicleTabBarViewController.swift */ = {isa = PBXFileReference; fileEncoding = 4; lastKnownFileType = sourcecode.swift; path = IcicleTabBarViewController.swift; sourceTree = "<group>"; };
		0A6AAE211E29935400432129 /* HourlyCollectionViewCell.swift */ = {isa = PBXFileReference; fileEncoding = 4; lastKnownFileType = sourcecode.swift; path = HourlyCollectionViewCell.swift; sourceTree = "<group>"; };
		0A6AAE221E29935400432129 /* HourlyCollectionViewCell.xib */ = {isa = PBXFileReference; fileEncoding = 4; lastKnownFileType = file.xib; path = HourlyCollectionViewCell.xib; sourceTree = "<group>"; };
		0A77BC381D9642E500258721 /* Result.swift */ = {isa = PBXFileReference; fileEncoding = 4; lastKnownFileType = sourcecode.swift; path = Result.swift; sourceTree = "<group>"; };
		0A77BC3A1D9642FD00258721 /* ResultTest.swift */ = {isa = PBXFileReference; fileEncoding = 4; lastKnownFileType = sourcecode.swift; path = ResultTest.swift; sourceTree = "<group>"; };
		0A82C4471E2AB7F300DCBE3B /* FiraSans-Light.otf */ = {isa = PBXFileReference; lastKnownFileType = file; path = "FiraSans-Light.otf"; sourceTree = "<group>"; };
		0A82C44A1E2ABDF300DCBE3B /* HourlyCollectionHelper.swift */ = {isa = PBXFileReference; fileEncoding = 4; lastKnownFileType = sourcecode.swift; path = HourlyCollectionHelper.swift; sourceTree = "<group>"; };
		0A82C44C1E2AE59700DCBE3B /* DailyCollectionViewCell.swift */ = {isa = PBXFileReference; fileEncoding = 4; lastKnownFileType = sourcecode.swift; path = DailyCollectionViewCell.swift; sourceTree = "<group>"; };
		0A82C44D1E2AE59700DCBE3B /* DailyCollectionViewCell.xib */ = {isa = PBXFileReference; fileEncoding = 4; lastKnownFileType = file.xib; path = DailyCollectionViewCell.xib; sourceTree = "<group>"; };
		0A82C4501E2B0BD200DCBE3B /* DailyCollectionHelper.swift */ = {isa = PBXFileReference; fileEncoding = 4; lastKnownFileType = sourcecode.swift; path = DailyCollectionHelper.swift; sourceTree = "<group>"; };
		0A82C4561E2B39E100DCBE3B /* RotatingLayout.swift */ = {isa = PBXFileReference; fileEncoding = 4; lastKnownFileType = sourcecode.swift; path = RotatingLayout.swift; sourceTree = "<group>"; };
		0A99D91B1CBC5B8400BF354C /* Icon.swift */ = {isa = PBXFileReference; fileEncoding = 4; lastKnownFileType = sourcecode.swift; path = Icon.swift; sourceTree = "<group>"; };
		0AA99DE61D9EDAD100CE614A /* Days.swift */ = {isa = PBXFileReference; fileEncoding = 4; lastKnownFileType = sourcecode.swift; path = Days.swift; sourceTree = "<group>"; };
		0AA99DE81D9EDAE100CE614A /* DaysTest.swift */ = {isa = PBXFileReference; fileEncoding = 4; lastKnownFileType = sourcecode.swift; path = DaysTest.swift; sourceTree = "<group>"; };
		0AC120AF1D61175A008E1557 /* getTestJson.swift */ = {isa = PBXFileReference; fileEncoding = 4; lastKnownFileType = sourcecode.swift; path = getTestJson.swift; sourceTree = "<group>"; };
		0AC1FE401DF65E7800F0D602 /* HasPrecipitation.swift */ = {isa = PBXFileReference; fileEncoding = 4; lastKnownFileType = sourcecode.swift; path = HasPrecipitation.swift; sourceTree = "<group>"; };
		0AC73FCF1EE909470088A636 /* Argo.framework */ = {isa = PBXFileReference; lastKnownFileType = wrapper.framework; name = Argo.framework; path = Carthage/Build/iOS/Argo.framework; sourceTree = "<group>"; };
		0AC73FD11EE9094A0088A636 /* Curry.framework */ = {isa = PBXFileReference; lastKnownFileType = wrapper.framework; name = Curry.framework; path = Carthage/Build/iOS/Curry.framework; sourceTree = "<group>"; };
		0AC73FD31EE9094E0088A636 /* Runes.framework */ = {isa = PBXFileReference; lastKnownFileType = wrapper.framework; name = Runes.framework; path = Carthage/Build/iOS/Runes.framework; sourceTree = "<group>"; };
		0AD046181DB3120900DC32F2 /* WeatherData.swift */ = {isa = PBXFileReference; fileEncoding = 4; lastKnownFileType = sourcecode.swift; path = WeatherData.swift; sourceTree = "<group>"; };
		0AD0461A1DB3121600DC32F2 /* WeatherDataTest.swift */ = {isa = PBXFileReference; fileEncoding = 4; lastKnownFileType = sourcecode.swift; path = WeatherDataTest.swift; sourceTree = "<group>"; };
		0AD565F61E0E4BB3009A58AE /* CurrentLocationService.swift */ = {isa = PBXFileReference; fileEncoding = 4; lastKnownFileType = sourcecode.swift; path = CurrentLocationService.swift; sourceTree = "<group>"; };
		0AD565F81E0E4BC9009A58AE /* LocationServiceTest.swift */ = {isa = PBXFileReference; fileEncoding = 4; lastKnownFileType = sourcecode.swift; path = LocationServiceTest.swift; sourceTree = "<group>"; };
		0ADE1F251CA1F04A007C2840 /* Icicle.app */ = {isa = PBXFileReference; explicitFileType = wrapper.application; includeInIndex = 0; path = Icicle.app; sourceTree = BUILT_PRODUCTS_DIR; };
		0ADE1F281CA1F04A007C2840 /* AppDelegate.swift */ = {isa = PBXFileReference; lastKnownFileType = sourcecode.swift; path = AppDelegate.swift; sourceTree = "<group>"; };
		0ADE1F2F1CA1F04A007C2840 /* Assets.xcassets */ = {isa = PBXFileReference; lastKnownFileType = folder.assetcatalog; path = Assets.xcassets; sourceTree = "<group>"; };
		0ADE1F321CA1F04A007C2840 /* Base */ = {isa = PBXFileReference; lastKnownFileType = file.storyboard; name = Base; path = Base.lproj/LaunchScreen.storyboard; sourceTree = "<group>"; };
		0ADE1F341CA1F04A007C2840 /* Info.plist */ = {isa = PBXFileReference; lastKnownFileType = text.plist.xml; path = Info.plist; sourceTree = "<group>"; };
		0ADE1F391CA1F04A007C2840 /* IcicleTests.xctest */ = {isa = PBXFileReference; explicitFileType = wrapper.cfbundle; includeInIndex = 0; path = IcicleTests.xctest; sourceTree = BUILT_PRODUCTS_DIR; };
		0ADE1F3F1CA1F04A007C2840 /* Info.plist */ = {isa = PBXFileReference; lastKnownFileType = text.plist.xml; path = Info.plist; sourceTree = "<group>"; };
		0AF8DFBE1E312955003370D8 /* gradient.swift */ = {isa = PBXFileReference; fileEncoding = 4; lastKnownFileType = sourcecode.swift; path = gradient.swift; sourceTree = "<group>"; };
		0AF8DFC01E312C51003370D8 /* UIColor.swift */ = {isa = PBXFileReference; fileEncoding = 4; lastKnownFileType = sourcecode.swift; path = UIColor.swift; sourceTree = "<group>"; };
		0AFB944F1E0640030097614F /* MinutesTest.swift */ = {isa = PBXFileReference; fileEncoding = 4; lastKnownFileType = sourcecode.swift; name = MinutesTest.swift; path = ../Icicle/MinutesTest.swift; sourceTree = "<group>"; };
/* End PBXFileReference section */

/* Begin PBXFrameworksBuildPhase section */
		0ADE1F221CA1F04A007C2840 /* Frameworks */ = {
			isa = PBXFrameworksBuildPhase;
			buildActionMask = 2147483647;
			files = (
				0AC73FD01EE909470088A636 /* Argo.framework in Frameworks */,
				0AC73FD21EE9094A0088A636 /* Curry.framework in Frameworks */,
				0AC73FD41EE9094E0088A636 /* Runes.framework in Frameworks */,
			);
			runOnlyForDeploymentPostprocessing = 0;
		};
		0ADE1F361CA1F04A007C2840 /* Frameworks */ = {
			isa = PBXFrameworksBuildPhase;
			buildActionMask = 2147483647;
			files = (
			);
			runOnlyForDeploymentPostprocessing = 0;
		};
/* End PBXFrameworksBuildPhase section */

/* Begin PBXGroup section */
		0A048E271D49704600F1AED3 /* Other Types */ = {
			isa = PBXGroup;
			children = (
				0A0237611DB6F92200D7E66B /* LocationFetcher.swift */,
				0A43015C1E207C6200F0841E /* URLSession.swift */,
				0A4301631E21724C00F0841E /* URLSessionDataTask.swift */,
				0A4301651E21773400F0841E /* WeatherError.swift */,
				0A0AABA41E2EF9E000340EFF /* WeatherIcon.swift */,
				0AF8DFC01E312C51003370D8 /* UIColor.swift */,
			);
			name = "Other Types";
			sourceTree = "<group>";
		};
		0A06D1DA1E255CE300BD1502 /* Typefaces */ = {
			isa = PBXGroup;
			children = (
				0A06D1DD1E25654800BD1502 /* FiraSans-Book.otf */,
				0A82C4471E2AB7F300DCBE3B /* FiraSans-Light.otf */,
				0A06D1DB1E255D2800BD1502 /* FiraSans-ExtraLight.otf */,
			);
			name = Typefaces;
			sourceTree = "<group>";
		};
		0A07AFF01D5D5EF100534370 /* IBFiles */ = {
			isa = PBXGroup;
			children = (
				0A1076531D6CB41300DED569 /* WeatherViewController.xib */,
				0ADE1F311CA1F04A007C2840 /* LaunchScreen.storyboard */,
				0A07AFF91D5D5F8700534370 /* SettingsViewController.xib */,
				0A07B0031D5D5FE500534370 /* LocationsViewController.xib */,
				0A6AAE221E29935400432129 /* HourlyCollectionViewCell.xib */,
				0A82C44D1E2AE59700DCBE3B /* DailyCollectionViewCell.xib */,
			);
			name = IBFiles;
			sourceTree = "<group>";
		};
		0A10FE8C1D63E9AF002E5687 /* Protocols */ = {
			isa = PBXGroup;
			children = (
				0AC1FE401DF65E7800F0D602 /* HasPrecipitation.swift */,
				0A537D311E206845004E1A1E /* LocationService.swift */,
				0A537D331E206879004E1A1E /* DataSession.swift */,
				0A43015A1E207C3F00F0841E /* DataTask.swift */,
				0A4301611E21722400F0841E /* DataTaskResumable.swift */,
			);
			name = Protocols;
			sourceTree = "<group>";
		};
		0A16426C1CB6ED5D001D5593 /* ViewModels */ = {
			isa = PBXGroup;
			children = (
				0AD046181DB3120900DC32F2 /* WeatherData.swift */,
				0A289CEA1DE23F990054C731 /* DayData.swift */,
				0A5A76911DF34C7600E52D3A /* HourData.swift */,
				0A54E13D1E04FFE600359CAB /* AlertData.swift */,
			);
			name = ViewModels;
			sourceTree = "<group>";
		};
		0A16426F1CB6ED81001D5593 /* ViewModels */ = {
			isa = PBXGroup;
			children = (
				0AD0461A1DB3121600DC32F2 /* WeatherDataTest.swift */,
				0A289CEC1DE2568E0054C731 /* DayDataTest.swift */,
				0A5A76931DF34C8300E52D3A /* HourDataTest.swift */,
				0A54E13F1E04FFF100359CAB /* AlertDataTest.swift */,
			);
			name = ViewModels;
			sourceTree = "<group>";
		};
		0A2D3B361CB5C2AC00B0DF3C /* Models */ = {
			isa = PBXGroup;
			children = (
				0A0B60A61D9A168700B12996 /* Minutes.swift */,
				0A0B60AA1D9ADD4200B12996 /* Hour.swift */,
				0A0B60AE1D9AEA3400B12996 /* Hours.swift */,
				0A0B60B21D9B195100B12996 /* Day.swift */,
				0A315C0D1D9E182100F4A7DE /* Temperature.swift */,
				0AA99DE61D9EDAD100CE614A /* Days.swift */,
				0A56D0B81DA9CE9D00963D43 /* Currently.swift */,
				0A0237631DB6FA0C00D7E66B /* Location.swift */,
				0A0237671DB814C300D7E66B /* WeatherModels.swift */,
				0A54E1391E04F12D00359CAB /* Alert.swift */,
			);
			name = Models;
			sourceTree = "<group>";
		};
		0A2D3B391CB5C4AC00B0DF3C /* Models */ = {
			isa = PBXGroup;
			children = (
				0AFB944F1E0640030097614F /* MinutesTest.swift */,
				0A0B60AC1D9ADD4F00B12996 /* HourTest.swift */,
				0A0B60B01D9AEA3F00B12996 /* HoursTest.swift */,
				0A0B60B51D9B196400B12996 /* DayTest.swift */,
				0AA99DE81D9EDAE100CE614A /* DaysTest.swift */,
				0A56D0BA1DA9CECE00963D43 /* CurrentlyTest.swift */,
				0A54E13B1E04F13C00359CAB /* AlertTest.swift */,
			);
			name = Models;
			sourceTree = "<group>";
		};
		0A2D3B3C1CB5C55300B0DF3C /* Data */ = {
			isa = PBXGroup;
			children = (
				0A4301671E21FD8800F0841E /* eight-days.json */,
				0A35A1E01D985D02001B99BD /* cloudy-futurerain.json */,
				0A35A1E61D986BAA001B99BD /* sunny-hot.json */,
				0A35A1E41D986A73001B99BD /* historical-snow.json */,
			);
			name = Data;
			sourceTree = "<group>";
		};
		0A2D3B3F1CB5CAF300B0DF3C /* Helpers */ = {
			isa = PBXGroup;
			children = (
				0A0237651DB7E0EF00D7E66B /* weatherFetcher.swift */,
				0A77BC381D9642E500258721 /* Result.swift */,
				0A2D3B401CB5CB1000B0DF3C /* TimeGranularity.swift */,
				0A2D3B461CB5DCFD00B0DF3C /* JSONhelpers.swift */,
				0A99D91B1CBC5B8400BF354C /* Icon.swift */,
				0A608A311D5ED4E9002151E6 /* IcicleColor.swift */,
				0A54E1411E05EF6400359CAB /* decoder.swift */,
				0AD565F61E0E4BB3009A58AE /* CurrentLocationService.swift */,
				0A4301581E20728B00F0841E /* SavedLocationService.swift */,
				0AF8DFBE1E312955003370D8 /* gradient.swift */,
			);
			name = Helpers;
			sourceTree = "<group>";
		};
		0A3928651CADB03100F724C7 /* Support */ = {
			isa = PBXGroup;
			children = (
				0ADE1F281CA1F04A007C2840 /* AppDelegate.swift */,
				0ADE1F341CA1F04A007C2840 /* Info.plist */,
				0A3928621CADAE0800F724C7 /* ForecastAPI.swift */,
			);
			name = Support;
			sourceTree = "<group>";
		};
		0A3928661CADB05900F724C7 /* Assets */ = {
			isa = PBXGroup;
			children = (
				0A06D1DA1E255CE300BD1502 /* Typefaces */,
				0ADE1F2F1CA1F04A007C2840 /* Assets.xcassets */,
			);
			name = Assets;
			sourceTree = "<group>";
		};
		0A3928671CADB08700F724C7 /* ViewControllers */ = {
			isa = PBXGroup;
			children = (
				0A07AFF81D5D5F8700534370 /* SettingsViewController.swift */,
				0A07B0021D5D5FE500534370 /* LocationsViewController.swift */,
				0A608A331D5ED807002151E6 /* IcicleTabBarViewController.swift */,
				0A1076521D6CB41300DED569 /* WeatherViewController.swift */,
			);
			name = ViewControllers;
			sourceTree = "<group>";
		};
		0A43015E1E21716300F0841E /* Support */ = {
			isa = PBXGroup;
			children = (
				0A43015F1E21718E00F0841E /* URLSessionDataTaskStub.swift */,
				0AC120AF1D61175A008E1557 /* getTestJson.swift */,
			);
			name = Support;
			sourceTree = "<group>";
		};
		0A6AAE1E1E298ABB00432129 /* Views */ = {
			isa = PBXGroup;
			children = (
				0A6AAE211E29935400432129 /* HourlyCollectionViewCell.swift */,
				0A82C44C1E2AE59700DCBE3B /* DailyCollectionViewCell.swift */,
			);
			name = Views;
			sourceTree = "<group>";
		};
		0A82C4491E2ABDC200DCBE3B /* CollectionView Helpers */ = {
			isa = PBXGroup;
			children = (
				0A82C44A1E2ABDF300DCBE3B /* HourlyCollectionHelper.swift */,
				0A82C4501E2B0BD200DCBE3B /* DailyCollectionHelper.swift */,
				0A82C4561E2B39E100DCBE3B /* RotatingLayout.swift */,
			);
			name = "CollectionView Helpers";
			sourceTree = "<group>";
		};
		0AC120AE1D61174B008E1557 /* Helpers */ = {
			isa = PBXGroup;
			children = (
				0A77BC3A1D9642FD00258721 /* ResultTest.swift */,
				0A39143E1DE6C6C700A1330C /* ParseTimeZoneTest.swift */,
				0AD565F81E0E4BC9009A58AE /* LocationServiceTest.swift */,
				0A537D351E2068B1004E1A1E /* WeatherFetcherTest.swift */,
			);
			name = Helpers;
			sourceTree = "<group>";
		};
		0AC73FCE1EE909470088A636 /* Frameworks */ = {
			isa = PBXGroup;
			children = (
				0AC73FD31EE9094E0088A636 /* Runes.framework */,
				0AC73FD11EE9094A0088A636 /* Curry.framework */,
				0AC73FCF1EE909470088A636 /* Argo.framework */,
			);
			name = Frameworks;
			sourceTree = "<group>";
		};
		0ADE1F1C1CA1F04A007C2840 = {
			isa = PBXGroup;
			children = (
				0ADE1F271CA1F04A007C2840 /* Icicle */,
				0ADE1F3C1CA1F04A007C2840 /* IcicleTests */,
				0ADE1F261CA1F04A007C2840 /* Products */,
				0AC73FCE1EE909470088A636 /* Frameworks */,
			);
			sourceTree = "<group>";
		};
		0ADE1F261CA1F04A007C2840 /* Products */ = {
			isa = PBXGroup;
			children = (
				0ADE1F251CA1F04A007C2840 /* Icicle.app */,
				0ADE1F391CA1F04A007C2840 /* IcicleTests.xctest */,
			);
			name = Products;
			sourceTree = "<group>";
		};
		0ADE1F271CA1F04A007C2840 /* Icicle */ = {
			isa = PBXGroup;
			children = (
				0A10FE8C1D63E9AF002E5687 /* Protocols */,
				0A048E271D49704600F1AED3 /* Other Types */,
				0A2D3B3F1CB5CAF300B0DF3C /* Helpers */,
				0A2D3B361CB5C2AC00B0DF3C /* Models */,
				0A16426C1CB6ED5D001D5593 /* ViewModels */,
				0A07AFF01D5D5EF100534370 /* IBFiles */,
				0A3928671CADB08700F724C7 /* ViewControllers */,
				0A6AAE1E1E298ABB00432129 /* Views */,
				0A82C4491E2ABDC200DCBE3B /* CollectionView Helpers */,
				0A3928661CADB05900F724C7 /* Assets */,
				0A3928651CADB03100F724C7 /* Support */,
			);
			path = Icicle;
			sourceTree = "<group>";
		};
		0ADE1F3C1CA1F04A007C2840 /* IcicleTests */ = {
			isa = PBXGroup;
			children = (
				0A43015E1E21716300F0841E /* Support */,
				0AC120AE1D61174B008E1557 /* Helpers */,
				0A2D3B3C1CB5C55300B0DF3C /* Data */,
				0A16426F1CB6ED81001D5593 /* ViewModels */,
				0A2D3B391CB5C4AC00B0DF3C /* Models */,
				0ADE1F3F1CA1F04A007C2840 /* Info.plist */,
			);
			path = IcicleTests;
			sourceTree = "<group>";
		};
/* End PBXGroup section */

/* Begin PBXNativeTarget section */
		0ADE1F241CA1F04A007C2840 /* Icicle */ = {
			isa = PBXNativeTarget;
			buildConfigurationList = 0ADE1F4D1CA1F04A007C2840 /* Build configuration list for PBXNativeTarget "Icicle" */;
			buildPhases = (
				0ADE1F211CA1F04A007C2840 /* Sources */,
				0ADE1F221CA1F04A007C2840 /* Frameworks */,
				0ADE1F231CA1F04A007C2840 /* Resources */,
				0AC73FD51EE909860088A636 /* ShellScript */,
			);
			buildRules = (
			);
			dependencies = (
			);
			name = Icicle;
			productName = Icicle;
			productReference = 0ADE1F251CA1F04A007C2840 /* Icicle.app */;
			productType = "com.apple.product-type.application";
		};
		0ADE1F381CA1F04A007C2840 /* IcicleTests */ = {
			isa = PBXNativeTarget;
			buildConfigurationList = 0ADE1F501CA1F04A007C2840 /* Build configuration list for PBXNativeTarget "IcicleTests" */;
			buildPhases = (
				0ADE1F351CA1F04A007C2840 /* Sources */,
				0ADE1F361CA1F04A007C2840 /* Frameworks */,
				0ADE1F371CA1F04A007C2840 /* Resources */,
				0AC275E71EE90C74006CE5E8 /* ShellScript */,
			);
			buildRules = (
			);
			dependencies = (
				0ADE1F3B1CA1F04A007C2840 /* PBXTargetDependency */,
			);
			name = IcicleTests;
			productName = IcicleTests;
			productReference = 0ADE1F391CA1F04A007C2840 /* IcicleTests.xctest */;
			productType = "com.apple.product-type.bundle.unit-test";
		};
/* End PBXNativeTarget section */

/* Begin PBXProject section */
		0ADE1F1D1CA1F04A007C2840 /* Project object */ = {
			isa = PBXProject;
			attributes = {
				LastSwiftUpdateCheck = 0730;
				LastUpgradeCheck = 0820;
				ORGANIZATIONNAME = "Kevin McGladdery";
				TargetAttributes = {
					0ADE1F241CA1F04A007C2840 = {
						CreatedOnToolsVersion = 7.3;
						DevelopmentTeam = P3HAZUW5GC;
						LastSwiftMigration = 0800;
						ProvisioningStyle = Automatic;
					};
					0ADE1F381CA1F04A007C2840 = {
						CreatedOnToolsVersion = 7.3;
						LastSwiftMigration = 0800;
						TestTargetID = 0ADE1F241CA1F04A007C2840;
					};
				};
			};
			buildConfigurationList = 0ADE1F201CA1F04A007C2840 /* Build configuration list for PBXProject "Icicle" */;
			compatibilityVersion = "Xcode 3.2";
			developmentRegion = English;
			hasScannedForEncodings = 0;
			knownRegions = (
				en,
				Base,
			);
			mainGroup = 0ADE1F1C1CA1F04A007C2840;
			productRefGroup = 0ADE1F261CA1F04A007C2840 /* Products */;
			projectDirPath = "";
			projectRoot = "";
			targets = (
				0ADE1F241CA1F04A007C2840 /* Icicle */,
				0ADE1F381CA1F04A007C2840 /* IcicleTests */,
			);
		};
/* End PBXProject section */

/* Begin PBXResourcesBuildPhase section */
		0ADE1F231CA1F04A007C2840 /* Resources */ = {
			isa = PBXResourcesBuildPhase;
			buildActionMask = 2147483647;
			files = (
				0A1076551D6CB41300DED569 /* WeatherViewController.xib in Resources */,
				0ADE1F331CA1F04A007C2840 /* LaunchScreen.storyboard in Resources */,
				0ADE1F301CA1F04A007C2840 /* Assets.xcassets in Resources */,
				0A82C4481E2AB7F300DCBE3B /* FiraSans-Light.otf in Resources */,
				0A07B0051D5D5FE500534370 /* LocationsViewController.xib in Resources */,
				0A06D1DC1E255D2800BD1502 /* FiraSans-ExtraLight.otf in Resources */,
				0A07AFFB1D5D5F8700534370 /* SettingsViewController.xib in Resources */,
				0A06D1DE1E25654800BD1502 /* FiraSans-Book.otf in Resources */,
				0A6AAE241E29935400432129 /* HourlyCollectionViewCell.xib in Resources */,
				0A82C44F1E2AE59700DCBE3B /* DailyCollectionViewCell.xib in Resources */,
			);
			runOnlyForDeploymentPostprocessing = 0;
		};
		0ADE1F371CA1F04A007C2840 /* Resources */ = {
			isa = PBXResourcesBuildPhase;
			buildActionMask = 2147483647;
			files = (
				0A35A1E71D986BAA001B99BD /* sunny-hot.json in Resources */,
				0A35A1E11D985D02001B99BD /* cloudy-futurerain.json in Resources */,
				0A4301681E21FD8800F0841E /* eight-days.json in Resources */,
				0A35A1E51D986A73001B99BD /* historical-snow.json in Resources */,
			);
			runOnlyForDeploymentPostprocessing = 0;
		};
/* End PBXResourcesBuildPhase section */

/* Begin PBXShellScriptBuildPhase section */
		0AC275E71EE90C74006CE5E8 /* ShellScript */ = {
			isa = PBXShellScriptBuildPhase;
			buildActionMask = 2147483647;
			files = (
			);
			inputPaths = (
				"$(SRCROOT)/Carthage/Build/iOS/Argo.framework",
				"$(SRCROOT)/Carthage/Build/iOS/Runes.framework",
				"$(SRCROOT)/Carthage/Build/iOS/Curry.framework",
			);
			outputPaths = (
			);
			runOnlyForDeploymentPostprocessing = 0;
			shellPath = /bin/sh;
			shellScript = "/usr/local/bin/carthage copy-frameworks";
		};
		0AC73FD51EE909860088A636 /* ShellScript */ = {
			isa = PBXShellScriptBuildPhase;
			buildActionMask = 2147483647;
			files = (
			);
			inputPaths = (
				"$(SRCROOT)/Carthage/Build/iOS/Argo.framework",
				"$(SRCROOT)/Carthage/Build/iOS/Curry.framework",
				"$(SRCROOT)/Carthage/Build/iOS/Runes.framework",
			);
			outputPaths = (
			);
			runOnlyForDeploymentPostprocessing = 0;
			shellPath = /bin/sh;
			shellScript = "/usr/local/bin/carthage copy-frameworks";
		};
/* End PBXShellScriptBuildPhase section */

/* Begin PBXSourcesBuildPhase section */
		0ADE1F211CA1F04A007C2840 /* Sources */ = {
			isa = PBXSourcesBuildPhase;
			buildActionMask = 2147483647;
			files = (
				0A43015B1E207C3F00F0841E /* DataTask.swift in Sources */,
				0A54E1421E05EF6400359CAB /* decoder.swift in Sources */,
				0A6AAE231E29935400432129 /* HourlyCollectionViewCell.swift in Sources */,
				0A2D3B411CB5CB1000B0DF3C /* TimeGranularity.swift in Sources */,
				0A0237661DB7E0EF00D7E66B /* weatherFetcher.swift in Sources */,
				0A0B60B31D9B195100B12996 /* Day.swift in Sources */,
				0A3928631CADAE0800F724C7 /* ForecastAPI.swift in Sources */,
				0A0237621DB6F92200D7E66B /* LocationFetcher.swift in Sources */,
				0A54E13A1E04F12D00359CAB /* Alert.swift in Sources */,
				0A608A321D5ED4E9002151E6 /* IcicleColor.swift in Sources */,
				0A608A341D5ED807002151E6 /* IcicleTabBarViewController.swift in Sources */,
				0A54E13E1E04FFE600359CAB /* AlertData.swift in Sources */,
				0A537D341E206879004E1A1E /* DataSession.swift in Sources */,
				0AD046191DB3120900DC32F2 /* WeatherData.swift in Sources */,
				0A2D3B471CB5DCFD00B0DF3C /* JSONhelpers.swift in Sources */,
				0A0237681DB814C300D7E66B /* WeatherModels.swift in Sources */,
				0A289CEB1DE23F9A0054C731 /* DayData.swift in Sources */,
				0A4301591E20728B00F0841E /* SavedLocationService.swift in Sources */,
				0A56D0B91DA9CE9D00963D43 /* Currently.swift in Sources */,
				0A5A76921DF34C7600E52D3A /* HourData.swift in Sources */,
				0ADE1F291CA1F04A007C2840 /* AppDelegate.swift in Sources */,
				0A0B60AF1D9AEA3400B12996 /* Hours.swift in Sources */,
				0A4301661E21773400F0841E /* WeatherError.swift in Sources */,
				0A82C44E1E2AE59700DCBE3B /* DailyCollectionViewCell.swift in Sources */,
				0A07B0041D5D5FE500534370 /* LocationsViewController.swift in Sources */,
				0AF8DFBF1E312955003370D8 /* gradient.swift in Sources */,
				0A43015D1E207C6200F0841E /* URLSession.swift in Sources */,
				0A315C0E1D9E182100F4A7DE /* Temperature.swift in Sources */,
				0A0237641DB6FA0C00D7E66B /* Location.swift in Sources */,
				0A0B60A71D9A168700B12996 /* Minutes.swift in Sources */,
				0A0AABA51E2EF9E000340EFF /* WeatherIcon.swift in Sources */,
				0AD565F71E0E4BB3009A58AE /* CurrentLocationService.swift in Sources */,
				0A4301621E21722400F0841E /* DataTaskResumable.swift in Sources */,
				0AF8DFC11E312C51003370D8 /* UIColor.swift in Sources */,
				0AC1FE411DF65E7800F0D602 /* HasPrecipitation.swift in Sources */,
				0A1076541D6CB41300DED569 /* WeatherViewController.swift in Sources */,
				0A77BC391D9642E500258721 /* Result.swift in Sources */,
				0A07AFFA1D5D5F8700534370 /* SettingsViewController.swift in Sources */,
				0A82C4511E2B0BD200DCBE3B /* DailyCollectionHelper.swift in Sources */,
				0A4301641E21724C00F0841E /* URLSessionDataTask.swift in Sources */,
				0A82C44B1E2ABDF300DCBE3B /* HourlyCollectionHelper.swift in Sources */,
				0A99D91C1CBC5B8400BF354C /* Icon.swift in Sources */,
				0AA99DE71D9EDAD100CE614A /* Days.swift in Sources */,
				0A82C4571E2B39E100DCBE3B /* RotatingLayout.swift in Sources */,
				0A0B60AB1D9ADD4200B12996 /* Hour.swift in Sources */,
				0A537D321E206845004E1A1E /* LocationService.swift in Sources */,
			);
			runOnlyForDeploymentPostprocessing = 0;
		};
		0ADE1F351CA1F04A007C2840 /* Sources */ = {
			isa = PBXSourcesBuildPhase;
			buildActionMask = 2147483647;
			files = (
				0A289CED1DE2568E0054C731 /* DayDataTest.swift in Sources */,
				0A54E1401E04FFF100359CAB /* AlertDataTest.swift in Sources */,
				0A4301601E21718E00F0841E /* URLSessionDataTaskStub.swift in Sources */,
				0A0B60B11D9AEA3F00B12996 /* HoursTest.swift in Sources */,
				0AD0461B1DB3121600DC32F2 /* WeatherDataTest.swift in Sources */,
				0A537D361E2068B1004E1A1E /* WeatherFetcherTest.swift in Sources */,
				0AA99DE91D9EDAE100CE614A /* DaysTest.swift in Sources */,
				0A0B60AD1D9ADD4F00B12996 /* HourTest.swift in Sources */,
				0AFB94511E0640120097614F /* MinutesTest.swift in Sources */,
				0AD565F91E0E4BC9009A58AE /* LocationServiceTest.swift in Sources */,
				0A0B60B61D9B196400B12996 /* DayTest.swift in Sources */,
				0A54E13C1E04F13C00359CAB /* AlertTest.swift in Sources */,
				0A39143F1DE6C6C700A1330C /* ParseTimeZoneTest.swift in Sources */,
				0A77BC3B1D9642FD00258721 /* ResultTest.swift in Sources */,
				0A56D0BB1DA9CECE00963D43 /* CurrentlyTest.swift in Sources */,
				0AC120B01D61175A008E1557 /* getTestJson.swift in Sources */,
				0A5A76941DF34C8300E52D3A /* HourDataTest.swift in Sources */,
			);
			runOnlyForDeploymentPostprocessing = 0;
		};
/* End PBXSourcesBuildPhase section */

/* Begin PBXTargetDependency section */
		0ADE1F3B1CA1F04A007C2840 /* PBXTargetDependency */ = {
			isa = PBXTargetDependency;
			target = 0ADE1F241CA1F04A007C2840 /* Icicle */;
			targetProxy = 0ADE1F3A1CA1F04A007C2840 /* PBXContainerItemProxy */;
		};
/* End PBXTargetDependency section */

/* Begin PBXVariantGroup section */
		0ADE1F311CA1F04A007C2840 /* LaunchScreen.storyboard */ = {
			isa = PBXVariantGroup;
			children = (
				0ADE1F321CA1F04A007C2840 /* Base */,
			);
			name = LaunchScreen.storyboard;
			sourceTree = "<group>";
		};
/* End PBXVariantGroup section */

/* Begin XCBuildConfiguration section */
		0ADE1F4B1CA1F04A007C2840 /* Debug */ = {
			isa = XCBuildConfiguration;
			buildSettings = {
				ALWAYS_SEARCH_USER_PATHS = NO;
				CLANG_ANALYZER_NONNULL = YES;
				CLANG_CXX_LANGUAGE_STANDARD = "gnu++0x";
				CLANG_CXX_LIBRARY = "libc++";
				CLANG_ENABLE_MODULES = YES;
				CLANG_ENABLE_OBJC_ARC = YES;
				CLANG_WARN_BOOL_CONVERSION = YES;
				CLANG_WARN_CONSTANT_CONVERSION = YES;
				CLANG_WARN_DIRECT_OBJC_ISA_USAGE = YES_ERROR;
				CLANG_WARN_EMPTY_BODY = YES;
				CLANG_WARN_ENUM_CONVERSION = YES;
				CLANG_WARN_INFINITE_RECURSION = YES;
				CLANG_WARN_INT_CONVERSION = YES;
				CLANG_WARN_OBJC_ROOT_CLASS = YES_ERROR;
				CLANG_WARN_SUSPICIOUS_MOVE = YES;
				CLANG_WARN_UNREACHABLE_CODE = YES;
				CLANG_WARN__DUPLICATE_METHOD_MATCH = YES;
				"CODE_SIGN_IDENTITY[sdk=iphoneos*]" = "iPhone Developer";
				COPY_PHASE_STRIP = NO;
				DEBUG_INFORMATION_FORMAT = dwarf;
				ENABLE_STRICT_OBJC_MSGSEND = YES;
				ENABLE_TESTABILITY = YES;
				GCC_C_LANGUAGE_STANDARD = gnu99;
				GCC_DYNAMIC_NO_PIC = NO;
				GCC_NO_COMMON_BLOCKS = YES;
				GCC_OPTIMIZATION_LEVEL = 0;
				GCC_PREPROCESSOR_DEFINITIONS = (
					"DEBUG=1",
					"$(inherited)",
				);
				GCC_WARN_64_TO_32_BIT_CONVERSION = YES;
				GCC_WARN_ABOUT_RETURN_TYPE = YES_ERROR;
				GCC_WARN_UNDECLARED_SELECTOR = YES;
				GCC_WARN_UNINITIALIZED_AUTOS = YES_AGGRESSIVE;
				GCC_WARN_UNUSED_FUNCTION = YES;
				GCC_WARN_UNUSED_VARIABLE = YES;
				IPHONEOS_DEPLOYMENT_TARGET = 10.2;
				MTL_ENABLE_DEBUG_INFO = YES;
				ONLY_ACTIVE_ARCH = YES;
				SDKROOT = iphoneos;
				SWIFT_OPTIMIZATION_LEVEL = "-Onone";
			};
			name = Debug;
		};
		0ADE1F4C1CA1F04A007C2840 /* Release */ = {
			isa = XCBuildConfiguration;
			buildSettings = {
				ALWAYS_SEARCH_USER_PATHS = NO;
				CLANG_ANALYZER_NONNULL = YES;
				CLANG_CXX_LANGUAGE_STANDARD = "gnu++0x";
				CLANG_CXX_LIBRARY = "libc++";
				CLANG_ENABLE_MODULES = YES;
				CLANG_ENABLE_OBJC_ARC = YES;
				CLANG_WARN_BOOL_CONVERSION = YES;
				CLANG_WARN_CONSTANT_CONVERSION = YES;
				CLANG_WARN_DIRECT_OBJC_ISA_USAGE = YES_ERROR;
				CLANG_WARN_EMPTY_BODY = YES;
				CLANG_WARN_ENUM_CONVERSION = YES;
				CLANG_WARN_INFINITE_RECURSION = YES;
				CLANG_WARN_INT_CONVERSION = YES;
				CLANG_WARN_OBJC_ROOT_CLASS = YES_ERROR;
				CLANG_WARN_SUSPICIOUS_MOVE = YES;
				CLANG_WARN_UNREACHABLE_CODE = YES;
				CLANG_WARN__DUPLICATE_METHOD_MATCH = YES;
				"CODE_SIGN_IDENTITY[sdk=iphoneos*]" = "iPhone Developer";
				COPY_PHASE_STRIP = NO;
				DEBUG_INFORMATION_FORMAT = "dwarf-with-dsym";
				ENABLE_NS_ASSERTIONS = NO;
				ENABLE_STRICT_OBJC_MSGSEND = YES;
				GCC_C_LANGUAGE_STANDARD = gnu99;
				GCC_NO_COMMON_BLOCKS = YES;
				GCC_WARN_64_TO_32_BIT_CONVERSION = YES;
				GCC_WARN_ABOUT_RETURN_TYPE = YES_ERROR;
				GCC_WARN_UNDECLARED_SELECTOR = YES;
				GCC_WARN_UNINITIALIZED_AUTOS = YES_AGGRESSIVE;
				GCC_WARN_UNUSED_FUNCTION = YES;
				GCC_WARN_UNUSED_VARIABLE = YES;
				IPHONEOS_DEPLOYMENT_TARGET = 10.2;
				MTL_ENABLE_DEBUG_INFO = NO;
				SDKROOT = iphoneos;
				VALIDATE_PRODUCT = YES;
			};
			name = Release;
		};
		0ADE1F4E1CA1F04A007C2840 /* Debug */ = {
			isa = XCBuildConfiguration;
			buildSettings = {
				ALWAYS_EMBED_SWIFT_STANDARD_LIBRARIES = YES;
				ASSETCATALOG_COMPILER_APPICON_NAME = AppIcon;
				"CODE_SIGN_IDENTITY[sdk=iphoneos*]" = "iPhone Developer";
				DEVELOPMENT_TEAM = P3HAZUW5GC;
				FRAMEWORK_SEARCH_PATHS = (
					"$(inherited)",
					"$(PROJECT_DIR)/Carthage/Build/iOS",
				);
				INFOPLIST_FILE = Icicle/Info.plist;
				LD_RUNPATH_SEARCH_PATHS = "$(inherited) @executable_path/Frameworks";
				PRODUCT_BUNDLE_IDENTIFIER = io.kmcg.weather;
				PRODUCT_NAME = "$(TARGET_NAME)";
				PROVISIONING_PROFILE = "";
				PROVISIONING_PROFILE_SPECIFIER = "";
				SWIFT_VERSION = 3.0;
			};
			name = Debug;
		};
		0ADE1F4F1CA1F04A007C2840 /* Release */ = {
			isa = XCBuildConfiguration;
			buildSettings = {
				ALWAYS_EMBED_SWIFT_STANDARD_LIBRARIES = YES;
				ASSETCATALOG_COMPILER_APPICON_NAME = AppIcon;
				"CODE_SIGN_IDENTITY[sdk=iphoneos*]" = "iPhone Developer";
				DEVELOPMENT_TEAM = P3HAZUW5GC;
				FRAMEWORK_SEARCH_PATHS = (
					"$(inherited)",
					"$(PROJECT_DIR)/Carthage/Build/iOS",
				);
				INFOPLIST_FILE = Icicle/Info.plist;
				LD_RUNPATH_SEARCH_PATHS = "$(inherited) @executable_path/Frameworks";
				PRODUCT_BUNDLE_IDENTIFIER = io.kmcg.weather;
				PRODUCT_NAME = "$(TARGET_NAME)";
				SWIFT_OPTIMIZATION_LEVEL = "-Owholemodule";
				SWIFT_VERSION = 3.0;
			};
			name = Release;
		};
		0ADE1F511CA1F04A007C2840 /* Debug */ = {
			isa = XCBuildConfiguration;
			buildSettings = {
				ALWAYS_EMBED_SWIFT_STANDARD_LIBRARIES = YES;
				BUNDLE_LOADER = "$(TEST_HOST)";
				CLANG_ENABLE_MODULES = YES;
				FRAMEWORK_SEARCH_PATHS = "$(SRCROOT)/Carthage/Build/iOS";
				INFOPLIST_FILE = IcicleTests/Info.plist;
				LD_RUNPATH_SEARCH_PATHS = "$(inherited) @executable_path/Frameworks @loader_path/Frameworks";
				PRODUCT_BUNDLE_IDENTIFIER = io.kmcg.weather.IcicleTests;
				PRODUCT_NAME = "$(TARGET_NAME)";
				SWIFT_OPTIMIZATION_LEVEL = "-Onone";
				SWIFT_VERSION = 3.0;
				TEST_HOST = "$(BUILT_PRODUCTS_DIR)/Icicle.app/Icicle";
			};
			name = Debug;
		};
		0ADE1F521CA1F04A007C2840 /* Release */ = {
			isa = XCBuildConfiguration;
			buildSettings = {
				ALWAYS_EMBED_SWIFT_STANDARD_LIBRARIES = YES;
				BUNDLE_LOADER = "$(TEST_HOST)";
				CLANG_ENABLE_MODULES = YES;
				FRAMEWORK_SEARCH_PATHS = "$(SRCROOT)/Carthage/Build/iOS";
				INFOPLIST_FILE = IcicleTests/Info.plist;
				LD_RUNPATH_SEARCH_PATHS = "$(inherited) @executable_path/Frameworks @loader_path/Frameworks";
				PRODUCT_BUNDLE_IDENTIFIER = io.kmcg.weather.IcicleTests;
				PRODUCT_NAME = "$(TARGET_NAME)";
				SWIFT_OPTIMIZATION_LEVEL = "-Owholemodule";
				SWIFT_VERSION = 3.0;
				TEST_HOST = "$(BUILT_PRODUCTS_DIR)/Icicle.app/Icicle";
			};
			name = Release;
		};
/* End XCBuildConfiguration section */

/* Begin XCConfigurationList section */
		0ADE1F201CA1F04A007C2840 /* Build configuration list for PBXProject "Icicle" */ = {
			isa = XCConfigurationList;
			buildConfigurations = (
				0ADE1F4B1CA1F04A007C2840 /* Debug */,
				0ADE1F4C1CA1F04A007C2840 /* Release */,
			);
			defaultConfigurationIsVisible = 0;
			defaultConfigurationName = Release;
		};
		0ADE1F4D1CA1F04A007C2840 /* Build configuration list for PBXNativeTarget "Icicle" */ = {
			isa = XCConfigurationList;
			buildConfigurations = (
				0ADE1F4E1CA1F04A007C2840 /* Debug */,
				0ADE1F4F1CA1F04A007C2840 /* Release */,
			);
			defaultConfigurationIsVisible = 0;
			defaultConfigurationName = Release;
		};
		0ADE1F501CA1F04A007C2840 /* Build configuration list for PBXNativeTarget "IcicleTests" */ = {
			isa = XCConfigurationList;
			buildConfigurations = (
				0ADE1F511CA1F04A007C2840 /* Debug */,
				0ADE1F521CA1F04A007C2840 /* Release */,
			);
			defaultConfigurationIsVisible = 0;
			defaultConfigurationName = Release;
		};
/* End XCConfigurationList section */
	};
	rootObject = 0ADE1F1D1CA1F04A007C2840 /* Project object */;
}
